
Microsoft Visual Studio Solution File, Format Version 12.00
# Visual Studio Version 17
VisualStudioVersion = 17.14.36301.6 d17.14
MinimumVisualStudioVersion = 10.0.40219.1
Project("{888888A0-9F3D-457C-B088-3A5042F75D52}") = "Test", "Test.pyproj", "{B9935C7A-2C7C-4FF7-A0C5-D88B99D01752}"
EndProject
Global
	GlobalSection(SolutionConfigurationPlatforms) = preSolution
		Debug|Any CPU = Debug|Any CPU
		Release|Any CPU = Release|Any CPU
	EndGlobalSection
	GlobalSection(ProjectConfigurationPlatforms) = postSolution
		{B9935C7A-2C7C-4FF7-A0C5-D88B99D01752}.Debug|Any CPU.ActiveCfg = Debug|Any CPU
		{B9935C7A-2C7C-4FF7-A0C5-D88B99D01752}.Release|Any CPU.ActiveCfg = Release|Any CPU
	EndGlobalSection
	GlobalSection(SolutionProperties) = preSolution
		HideSolutionNode = FALSE
	EndGlobalSection
	GlobalSection(ExtensibilityGlobals) = postSolution
		SolutionGuid = {086859FB-75AA-44A2-8B48-C1D897730949}
	EndGlobalSection
EndGlobal
